
Microsoft Visual Studio Solution File, Format Version 12.00
# Visual Studio Version 16
VisualStudioVersion = 16.0.31515.178
MinimumVisualStudioVersion = 10.0.40219.1
Project("{FAE04EC0-301F-11D3-BF4B-00C04F79EFBC}") = "DemoStockApp", "DemoStockApp\DemoStockApp.csproj", "{063FFF0D-96B9-43FD-9605-AE3596655781}"
EndProject
Global
	GlobalSection(SolutionConfigurationPlatforms) = preSolution
		Debug|Any CPU = Debug|Any CPU
		Release|Any CPU = Release|Any CPU
	EndGlobalSection
	GlobalSection(ProjectConfigurationPlatforms) = postSolution
		{063FFF0D-96B9-43FD-9605-AE3596655781}.Debug|Any CPU.ActiveCfg = Debug|Any CPU
		{063FFF0D-96B9-43FD-9605-AE3596655781}.Debug|Any CPU.Build.0 = Debug|Any CPU
		{063FFF0D-96B9-43FD-9605-AE3596655781}.Release|Any CPU.ActiveCfg = Release|Any CPU
		{063FFF0D-96B9-43FD-9605-AE3596655781}.Release|Any CPU.Build.0 = Release|Any CPU
	EndGlobalSection
	GlobalSection(SolutionProperties) = preSolution
		HideSolutionNode = FALSE
	EndGlobalSection
	GlobalSection(ExtensibilityGlobals) = postSolution
		SolutionGuid = {51496821-E8C0-4C73-A0FC-261A9F83E918}
	EndGlobalSection
EndGlobal
